{
  "requires": true,
  "lockfileVersion": 1,
  "dependencies": {
    "@scarf/scarf": {
      "version": "0.1.5",
      "resolved": "https://registry.npmjs.org/@scarf/scarf/-/scarf-0.1.5.tgz",
      "integrity": "sha512-Fx6atDc7JM1r0WkPCDhNetVZNp+DO21q/HGlomAKBG+k8vb1B8fg8Yige4oCf1P9OWTZWm5tM5i3jlXhrSbNOg=="
    },
    "ngx-infinite-scroll": {
      "version": "9.0.0",
      "resolved": "https://registry.npmjs.org/ngx-infinite-scroll/-/ngx-infinite-scroll-9.0.0.tgz",
      "integrity": "sha512-C8JhvrTip/AKv6f8oiB+GJjW+FGE3EPIc3Kk+v3MICGlW0nkOetyJDe/ejXr8tI8zwbNjbfvAKFRKenibDIW6w==",
      "requires": {
        "@scarf/scarf": "0.1.5",
        "opencollective-postinstall": "^2.0.2"
      }
    },
    "opencollective-postinstall": {
      "version": "2.0.3",
      "resolved": "https://registry.npmjs.org/opencollective-postinstall/-/opencollective-postinstall-2.0.3.tgz",
      "integrity": "sha512-8AV/sCtuzUeTo8gQK5qDZzARrulB3egtLzFgteqB2tcT4Mw7B8Kt7JcDHmltjz6FOAHsvTevk70gZEbhM4ZS9Q=="
    },
    "primeflex": {
      "version": "2.0.0-rc.1",
      "resolved": "https://registry.npmjs.org/primeflex/-/primeflex-2.0.0-rc.1.tgz",
      "integrity": "sha512-NX7n6gLOo8peGhiqgW3ZbeEbN5mjzoFeHrhXL/UBMsQN4ZRHNjYCl4dlSlPmJ/wUO89PcnlT25eW3PnLcxjpcg=="
    }
  }
}
